
Microsoft Visual Studio Solution File, Format Version 12.00
# Visual Studio Version 16
VisualStudioVersion = 16.0.32002.261
MinimumVisualStudioVersion = 10.0.40219.1
Project("{FAE04EC0-301F-11D3-BF4B-00C04F79EFBC}") = "ITMO.CSCourse.Lab01-Ex01", "ITMO.CSCourse.Lab01-Ex01\ITMO.CSCourse.Lab01-Ex01.csproj", "{5E372B80-B41B-4E42-A778-7268D0AEA167}"
EndProject
Project("{FAE04EC0-301F-11D3-BF4B-00C04F79EFBC}") = "ITMO.CSCourse.Lab01-Ex02", "ITMO.CSCourse.Lab01-Ex02\ITMO.CSCourse.Lab01-Ex02.csproj", "{674DDA63-9F31-485C-A0F8-60CFB22C6293}"
EndProject
Project("{FAE04EC0-301F-11D3-BF4B-00C04F79EFBC}") = "ITMO.CSCourse.Lab01-Ex04.MdiApplication", "ITMO.CSCourse.Lab01-Ex04.MdiApplication\ITMO.CSCourse.Lab01-Ex04.MdiApplication.csproj", "{A52F30DF-43B0-4733-871F-DF6F409B5F50}"
EndProject
Project("{FAE04EC0-301F-11D3-BF4B-00C04F79EFBC}") = "ITMO.CSCourse.Lab01-Ex05.01", "ITMO.CSCourse.Lab01-Ex05.01\ITMO.CSCourse.Lab01-Ex05.01.csproj", "{2B8FCFE7-5BA0-42A2-A151-A12EB63EEEEB}"
EndProject
Project("{FAE04EC0-301F-11D3-BF4B-00C04F79EFBC}") = "ITMO.CSCourse.Lab01-Ex05.02", "ITMO.CSCourse.Lab01-Ex05.02\ITMO.CSCourse.Lab01-Ex05.02.csproj", "{A4B4E089-FFA2-4D85-8D23-EF414EA28483}"
EndProject
Project("{FAE04EC0-301F-11D3-BF4B-00C04F79EFBC}") = "ITMO.CSCourse.Lab02-Ex01.WinQuestion", "ITMO.CSCourse.Lab02-Ex01\ITMO.CSCourse.Lab02-Ex01.WinQuestion.csproj", "{9712C883-FE66-42BC-BFB9-8FFFA96DB387}"
EndProject
Project("{FAE04EC0-301F-11D3-BF4B-00C04F79EFBC}") = "ITMO.CSCourse.Lab02-Ex02.TestList", "ITMO.CSCourse.Lab02-Ex02.TestList\ITMO.CSCourse.Lab02-Ex02.TestList.csproj", "{FC466167-C0C9-4F32-8BF2-ACD477C3BCBC}"
EndProject
Project("{FAE04EC0-301F-11D3-BF4B-00C04F79EFBC}") = "ITMO.CSCourse.Lab02-Ex05.WinContainer", "ITMO.CSCourse.Lab02-Ex05.WinContainer\ITMO.CSCourse.Lab02-Ex05.WinContainer.csproj", "{0F2E5616-706F-46A4-950F-DCB277573AD4}"
EndProject
Project("{FAE04EC0-301F-11D3-BF4B-00C04F79EFBC}") = "ITMO.CSharpCourse.Lab02-Ex06.BiblWorm", "ITMO.CSharpCourse.Lab02-Ex06.BiblWorm\ITMO.CSharpCourse.Lab02-Ex06.BiblWorm.csproj", "{B5CF3D12-17DB-4F23-B159-DEFC73973004}"
EndProject
Project("{FAE04EC0-301F-11D3-BF4B-00C04F79EFBC}") = "ITMO.CSharpCourse.Lab02-Ex07.RegistrationForm", "ITMO.CSharpCourse.Lab02-Ex07.RegistrationForm\ITMO.CSharpCourse.Lab02-Ex07.RegistrationForm.csproj", "{E8CFD9BA-3BC4-4479-9944-9384A5D56E13}"
EndProject
Global
	GlobalSection(SolutionConfigurationPlatforms) = preSolution
		Debug|Any CPU = Debug|Any CPU
		Release|Any CPU = Release|Any CPU
	EndGlobalSection
	GlobalSection(ProjectConfigurationPlatforms) = postSolution
		{5E372B80-B41B-4E42-A778-7268D0AEA167}.Debug|Any CPU.ActiveCfg = Debug|Any CPU
		{5E372B80-B41B-4E42-A778-7268D0AEA167}.Debug|Any CPU.Build.0 = Debug|Any CPU
		{5E372B80-B41B-4E42-A778-7268D0AEA167}.Release|Any CPU.ActiveCfg = Release|Any CPU
		{5E372B80-B41B-4E42-A778-7268D0AEA167}.Release|Any CPU.Build.0 = Release|Any CPU
		{674DDA63-9F31-485C-A0F8-60CFB22C6293}.Debug|Any CPU.ActiveCfg = Debug|Any CPU
		{674DDA63-9F31-485C-A0F8-60CFB22C6293}.Debug|Any CPU.Build.0 = Debug|Any CPU
		{674DDA63-9F31-485C-A0F8-60CFB22C6293}.Release|Any CPU.ActiveCfg = Release|Any CPU
		{674DDA63-9F31-485C-A0F8-60CFB22C6293}.Release|Any CPU.Build.0 = Release|Any CPU
		{A52F30DF-43B0-4733-871F-DF6F409B5F50}.Debug|Any CPU.ActiveCfg = Debug|Any CPU
		{A52F30DF-43B0-4733-871F-DF6F409B5F50}.Debug|Any CPU.Build.0 = Debug|Any CPU
		{A52F30DF-43B0-4733-871F-DF6F409B5F50}.Release|Any CPU.ActiveCfg = Release|Any CPU
		{A52F30DF-43B0-4733-871F-DF6F409B5F50}.Release|Any CPU.Build.0 = Release|Any CPU
		{2B8FCFE7-5BA0-42A2-A151-A12EB63EEEEB}.Debug|Any CPU.ActiveCfg = Debug|Any CPU
		{2B8FCFE7-5BA0-42A2-A151-A12EB63EEEEB}.Debug|Any CPU.Build.0 = Debug|Any CPU
		{2B8FCFE7-5BA0-42A2-A151-A12EB63EEEEB}.Release|Any CPU.ActiveCfg = Release|Any CPU
		{2B8FCFE7-5BA0-42A2-A151-A12EB63EEEEB}.Release|Any CPU.Build.0 = Release|Any CPU
		{A4B4E089-FFA2-4D85-8D23-EF414EA28483}.Debug|Any CPU.ActiveCfg = Debug|Any CPU
		{A4B4E089-FFA2-4D85-8D23-EF414EA28483}.Debug|Any CPU.Build.0 = Debug|Any CPU
		{A4B4E089-FFA2-4D85-8D23-EF414EA28483}.Release|Any CPU.ActiveCfg = Release|Any CPU
		{A4B4E089-FFA2-4D85-8D23-EF414EA28483}.Release|Any CPU.Build.0 = Release|Any CPU
		{9712C883-FE66-42BC-BFB9-8FFFA96DB387}.Debug|Any CPU.ActiveCfg = Debug|Any CPU
		{9712C883-FE66-42BC-BFB9-8FFFA96DB387}.Debug|Any CPU.Build.0 = Debug|Any CPU
		{9712C883-FE66-42BC-BFB9-8FFFA96DB387}.Release|Any CPU.ActiveCfg = Release|Any CPU
		{9712C883-FE66-42BC-BFB9-8FFFA96DB387}.Release|Any CPU.Build.0 = Release|Any CPU
		{FC466167-C0C9-4F32-8BF2-ACD477C3BCBC}.Debug|Any CPU.ActiveCfg = Debug|Any CPU
		{FC466167-C0C9-4F32-8BF2-ACD477C3BCBC}.Debug|Any CPU.Build.0 = Debug|Any CPU
		{FC466167-C0C9-4F32-8BF2-ACD477C3BCBC}.Release|Any CPU.ActiveCfg = Release|Any CPU
		{FC466167-C0C9-4F32-8BF2-ACD477C3BCBC}.Release|Any CPU.Build.0 = Release|Any CPU
		{0F2E5616-706F-46A4-950F-DCB277573AD4}.Debug|Any CPU.ActiveCfg = Debug|Any CPU
		{0F2E5616-706F-46A4-950F-DCB277573AD4}.Debug|Any CPU.Build.0 = Debug|Any CPU
		{0F2E5616-706F-46A4-950F-DCB277573AD4}.Release|Any CPU.ActiveCfg = Release|Any CPU
		{0F2E5616-706F-46A4-950F-DCB277573AD4}.Release|Any CPU.Build.0 = Release|Any CPU
		{B5CF3D12-17DB-4F23-B159-DEFC73973004}.Debug|Any CPU.ActiveCfg = Debug|Any CPU
		{B5CF3D12-17DB-4F23-B159-DEFC73973004}.Debug|Any CPU.Build.0 = Debug|Any CPU
		{B5CF3D12-17DB-4F23-B159-DEFC73973004}.Release|Any CPU.ActiveCfg = Release|Any CPU
		{B5CF3D12-17DB-4F23-B159-DEFC73973004}.Release|Any CPU.Build.0 = Release|Any CPU
		{E8CFD9BA-3BC4-4479-9944-9384A5D56E13}.Debug|Any CPU.ActiveCfg = Debug|Any CPU
		{E8CFD9BA-3BC4-4479-9944-9384A5D56E13}.Debug|Any CPU.Build.0 = Debug|Any CPU
		{E8CFD9BA-3BC4-4479-9944-9384A5D56E13}.Release|Any CPU.ActiveCfg = Release|Any CPU
		{E8CFD9BA-3BC4-4479-9944-9384A5D56E13}.Release|Any CPU.Build.0 = Release|Any CPU
	EndGlobalSection
	GlobalSection(SolutionProperties) = preSolution
		HideSolutionNode = FALSE
	EndGlobalSection
	GlobalSection(ExtensibilityGlobals) = postSolution
		SolutionGuid = {4A7BF21E-9EDF-4C1D-85A0-5D51693E8560}
	EndGlobalSection
EndGlobal
